
Microsoft Visual Studio Solution File, Format Version 12.00
# Visual Studio Version 17
VisualStudioVersion = 17.10.34916.146
MinimumVisualStudioVersion = 10.0.40219.1
Project("{FAE04EC0-301F-11D3-BF4B-00C04F79EFBC}") = "NLayer.Core", "NLayer.Core\NLayer.Core.csproj", "{B6219084-EE91-4C89-9D17-4C07C8ED6EA6}"
EndProject
Project("{FAE04EC0-301F-11D3-BF4B-00C04F79EFBC}") = "NLayer.Repository", "NLayer.Repository\NLayer.Repository.csproj", "{B5739FF5-DA66-41D5-9AE4-5AAA94EA4EFB}"
EndProject
Project("{FAE04EC0-301F-11D3-BF4B-00C04F79EFBC}") = "NLayer.Service", "NLayer.Service\NLayer.Service.csproj", "{08A8C2C9-4A36-480C-AB43-698B9EA05DC1}"
EndProject
Project("{FAE04EC0-301F-11D3-BF4B-00C04F79EFBC}") = "NLayer.API", "NLayer.API\NLayer.API.csproj", "{3346C47A-4D23-4F9C-8BDB-5509FA3E308D}"
EndProject
Global
	GlobalSection(SolutionConfigurationPlatforms) = preSolution
		Debug|Any CPU = Debug|Any CPU
		Release|Any CPU = Release|Any CPU
	EndGlobalSection
	GlobalSection(ProjectConfigurationPlatforms) = postSolution
		{B6219084-EE91-4C89-9D17-4C07C8ED6EA6}.Debug|Any CPU.ActiveCfg = Debug|Any CPU
		{B6219084-EE91-4C89-9D17-4C07C8ED6EA6}.Debug|Any CPU.Build.0 = Debug|Any CPU
		{B6219084-EE91-4C89-9D17-4C07C8ED6EA6}.Release|Any CPU.ActiveCfg = Release|Any CPU
		{B6219084-EE91-4C89-9D17-4C07C8ED6EA6}.Release|Any CPU.Build.0 = Release|Any CPU
		{B5739FF5-DA66-41D5-9AE4-5AAA94EA4EFB}.Debug|Any CPU.ActiveCfg = Debug|Any CPU
		{B5739FF5-DA66-41D5-9AE4-5AAA94EA4EFB}.Debug|Any CPU.Build.0 = Debug|Any CPU
		{B5739FF5-DA66-41D5-9AE4-5AAA94EA4EFB}.Release|Any CPU.ActiveCfg = Release|Any CPU
		{B5739FF5-DA66-41D5-9AE4-5AAA94EA4EFB}.Release|Any CPU.Build.0 = Release|Any CPU
		{08A8C2C9-4A36-480C-AB43-698B9EA05DC1}.Debug|Any CPU.ActiveCfg = Debug|Any CPU
		{08A8C2C9-4A36-480C-AB43-698B9EA05DC1}.Debug|Any CPU.Build.0 = Debug|Any CPU
		{08A8C2C9-4A36-480C-AB43-698B9EA05DC1}.Release|Any CPU.ActiveCfg = Release|Any CPU
		{08A8C2C9-4A36-480C-AB43-698B9EA05DC1}.Release|Any CPU.Build.0 = Release|Any CPU
		{3346C47A-4D23-4F9C-8BDB-5509FA3E308D}.Debug|Any CPU.ActiveCfg = Debug|Any CPU
		{3346C47A-4D23-4F9C-8BDB-5509FA3E308D}.Debug|Any CPU.Build.0 = Debug|Any CPU
		{3346C47A-4D23-4F9C-8BDB-5509FA3E308D}.Release|Any CPU.ActiveCfg = Release|Any CPU
		{3346C47A-4D23-4F9C-8BDB-5509FA3E308D}.Release|Any CPU.Build.0 = Release|Any CPU
	EndGlobalSection
	GlobalSection(SolutionProperties) = preSolution
		HideSolutionNode = FALSE
	EndGlobalSection
	GlobalSection(ExtensibilityGlobals) = postSolution
		SolutionGuid = {10996D69-A8BF-4846-A65B-45772B37FDA2}
	EndGlobalSection
EndGlobal
